
Microsoft Visual Studio Solution File, Format Version 12.00
# Visual Studio Version 16
VisualStudioVersion = 16.0.30309.148
MinimumVisualStudioVersion = 10.0.40219.1
Project("{FAE04EC0-301F-11D3-BF4B-00C04F79EFBC}") = "SiteJean", "SiteJean\SiteJean.csproj", "{022372C8-E5F1-47E2-9020-196F52BC6925}"
EndProject
Global
	GlobalSection(SolutionConfigurationPlatforms) = preSolution
		Debug|Any CPU = Debug|Any CPU
		Release|Any CPU = Release|Any CPU
	EndGlobalSection
	GlobalSection(ProjectConfigurationPlatforms) = postSolution
		{022372C8-E5F1-47E2-9020-196F52BC6925}.Debug|Any CPU.ActiveCfg = Debug|Any CPU
		{022372C8-E5F1-47E2-9020-196F52BC6925}.Debug|Any CPU.Build.0 = Debug|Any CPU
		{022372C8-E5F1-47E2-9020-196F52BC6925}.Release|Any CPU.ActiveCfg = Release|Any CPU
		{022372C8-E5F1-47E2-9020-196F52BC6925}.Release|Any CPU.Build.0 = Release|Any CPU
	EndGlobalSection
	GlobalSection(SolutionProperties) = preSolution
		HideSolutionNode = FALSE
	EndGlobalSection
	GlobalSection(ExtensibilityGlobals) = postSolution
		SolutionGuid = {BF7A375B-4502-46AE-8CF8-37E916C32CE3}
	EndGlobalSection
EndGlobal
